{
  "nodes": {
    "cosmic-manager": {
      "inputs": {
        "flake-parts": "flake-parts",
        "home-manager": [
          "home-manager"
        ],
        "nixpkgs": [
          "nixpkgs"
        ]
      },
      "locked": {
        "lastModified": 1744387566,
        "narHash": "sha256-O39zTv7LdRgr4Hw38d+eQG2LYpP75rw2XKqTGV5qzgs=",
        "owner": "HeitorAugustoLN",
        "repo": "cosmic-manager",
        "rev": "52d3fdd080a9dd4639948687682a68282fbf0314",
        "type": "github"
      },
      "original": {
        "owner": "HeitorAugustoLN",
        "repo": "cosmic-manager",
        "type": "github"
      }
    },
    "flake-parts": {
      "inputs": {
        "nixpkgs-lib": [
          "cosmic-manager",
          "nixpkgs"
        ]
      },
      "locked": {
        "lastModified": 1738453229,
        "narHash": "sha256-7H9XgNiGLKN1G1CgRh0vUL4AheZSYzPm+zmZ7vxbJdo=",
        "owner": "hercules-ci",
        "repo": "flake-parts",
        "rev": "32ea77a06711b758da0ad9bd6a844c5740a87abd",
        "type": "github"
      },
      "original": {
        "owner": "hercules-ci",
        "repo": "flake-parts",
        "type": "github"
      }
    },
    "home-manager": {
      "inputs": {
        "nixpkgs": [
          "nixpkgs"
        ]
      },
      "locked": {
        "lastModified": 1750792728,
        "narHash": "sha256-Lh3dopA8DdY+ZoaAJPrtkZOZaFEJGSYjOdAYYgOPgE4=",
        "owner": "nix-community",
        "repo": "home-manager",
        "rev": "366f00797b1efb70f2882d3da485e3c10fd3d557",
        "type": "github"
      },
      "original": {
        "owner": "nix-community",
        "ref": "release-25.05",
        "repo": "home-manager",
        "type": "github"
      }
    },
    "impermanence": {
      "locked": {
        "lastModified": 1737831083,
        "narHash": "sha256-LJggUHbpyeDvNagTUrdhe/pRVp4pnS6wVKALS782gRI=",
        "owner": "nix-community",
        "repo": "impermanence",
        "rev": "4b3e914cdf97a5b536a889e939fb2fd2b043a170",
        "type": "github"
      },
      "original": {
        "owner": "nix-community",
        "repo": "impermanence",
        "type": "github"
      }
    },
    "nixpkgs": {
      "locked": {
        "lastModified": 1750838302,
        "narHash": "sha256-aVkL3/yu50oQzi2YuKo0ceiCypVZpZXYd2P2p1FMJM4=",
        "owner": "nixos",
        "repo": "nixpkgs",
        "rev": "7284e2decc982b81a296ab35aa46e804baaa1cfe",
        "type": "github"
      },
      "original": {
        "owner": "nixos",
        "ref": "nixos-25.05",
        "repo": "nixpkgs",
        "type": "github"
      }
    },
    "nixpkgs-unstable": {
      "locked": {
        "lastModified": 1750776420,
        "narHash": "sha256-/CG+w0o0oJ5itVklOoLbdn2dGB0wbZVOoDm4np6w09A=",
        "owner": "nixos",
        "repo": "nixpkgs",
        "rev": "30a61f056ac492e3b7cdcb69c1e6abdcf00e39cf",
        "type": "github"
      },
      "original": {
        "owner": "nixos",
        "ref": "nixos-unstable",
        "repo": "nixpkgs",
        "type": "github"
      }
    },
    "root": {
      "inputs": {
        "cosmic-manager": "cosmic-manager",
        "home-manager": "home-manager",
        "impermanence": "impermanence",
        "nixpkgs": "nixpkgs",
        "nixpkgs-unstable": "nixpkgs-unstable",
        "sidewinderd": "sidewinderd"
      }
    },
    "sidewinderd": {
      "inputs": {
        "nixpkgs": [
          "nixpkgs"
        ]
      },
      "locked": {
        "lastModified": 1749393587,
        "narHash": "sha256-HnBnkG9t57zLTfXHYRrTGJ5BEXIVprDqxJvJQujeCHc=",
        "owner": "paulemeister",
        "repo": "sidewinderd-nix",
        "rev": "6dea7fcf456559a4a1bf73a1cf461378448a34cb",
        "type": "github"
      },
      "original": {
        "owner": "paulemeister",
        "repo": "sidewinderd-nix",
        "type": "github"
      }
    }
  },
  "root": "root",
  "version": 7
}
