{
  "nodes": {
    "chaotic": {
      "inputs": {
        "flake-schemas": "flake-schemas",
        "home-manager": "home-manager",
        "jovian": "jovian",
        "nixpkgs": "nixpkgs",
        "rust-overlay": "rust-overlay"
      },
      "locked": {
        "lastModified": 1756387088,
        "narHash": "sha256-y2qbYKCjg04Ms2jsJJtO9TLaGlXYnkec/LxTZ+O066U=",
        "owner": "chaotic-cx",
        "repo": "nyx",
        "rev": "ddd0ec9d86bcf875fc6e35905e5ea4db6e60ff69",
        "type": "github"
      },
      "original": {
        "owner": "chaotic-cx",
        "ref": "nyxpkgs-unstable",
        "repo": "nyx",
        "type": "github"
      }
    },
    "cosmic-manager": {
      "inputs": {
        "flake-parts": "flake-parts",
        "home-manager": [
          "home-manager"
        ],
        "nixpkgs": [
          "nixpkgs"
        ]
      },
      "locked": {
        "lastModified": 1744387566,
        "narHash": "sha256-O39zTv7LdRgr4Hw38d+eQG2LYpP75rw2XKqTGV5qzgs=",
        "owner": "HeitorAugustoLN",
        "repo": "cosmic-manager",
        "rev": "52d3fdd080a9dd4639948687682a68282fbf0314",
        "type": "github"
      },
      "original": {
        "owner": "HeitorAugustoLN",
        "repo": "cosmic-manager",
        "type": "github"
      }
    },
    "flake-parts": {
      "inputs": {
        "nixpkgs-lib": [
          "cosmic-manager",
          "nixpkgs"
        ]
      },
      "locked": {
        "lastModified": 1738453229,
        "narHash": "sha256-7H9XgNiGLKN1G1CgRh0vUL4AheZSYzPm+zmZ7vxbJdo=",
        "owner": "hercules-ci",
        "repo": "flake-parts",
        "rev": "32ea77a06711b758da0ad9bd6a844c5740a87abd",
        "type": "github"
      },
      "original": {
        "owner": "hercules-ci",
        "repo": "flake-parts",
        "type": "github"
      }
    },
    "flake-schemas": {
      "locked": {
        "lastModified": 1721999734,
        "narHash": "sha256-G5CxYeJVm4lcEtaO87LKzOsVnWeTcHGKbKxNamNWgOw=",
        "rev": "0a5c42297d870156d9c57d8f99e476b738dcd982",
        "revCount": 75,
        "type": "tarball",
        "url": "https://api.flakehub.com/f/pinned/DeterminateSystems/flake-schemas/0.1.5/0190ef2f-61e0-794b-ba14-e82f225e55e6/source.tar.gz"
      },
      "original": {
        "type": "tarball",
        "url": "https://flakehub.com/f/DeterminateSystems/flake-schemas/%3D0.1.5.tar.gz"
      }
    },
    "home-manager": {
      "inputs": {
        "nixpkgs": [
          "chaotic",
          "nixpkgs"
        ]
      },
      "locked": {
        "lastModified": 1756261190,
        "narHash": "sha256-eiy0klFK5EVJLNilutR7grsZN/7Itj9DyD75eyOf83k=",
        "owner": "nix-community",
        "repo": "home-manager",
        "rev": "77f348da3176dc68b20a73dab94852a417daf361",
        "type": "github"
      },
      "original": {
        "owner": "nix-community",
        "repo": "home-manager",
        "type": "github"
      }
    },
    "home-manager_2": {
      "inputs": {
        "nixpkgs": [
          "nixpkgs"
        ]
      },
      "locked": {
        "lastModified": 1756245065,
        "narHash": "sha256-aAZNbGcWrVRZgWgkQbkabSGcDVRDMgON4BipMy69gvI=",
        "owner": "nix-community",
        "repo": "home-manager",
        "rev": "54b2879ce622d44415e727905925e21b8f833a98",
        "type": "github"
      },
      "original": {
        "owner": "nix-community",
        "ref": "release-25.05",
        "repo": "home-manager",
        "type": "github"
      }
    },
    "impermanence": {
      "locked": {
        "lastModified": 1737831083,
        "narHash": "sha256-LJggUHbpyeDvNagTUrdhe/pRVp4pnS6wVKALS782gRI=",
        "owner": "nix-community",
        "repo": "impermanence",
        "rev": "4b3e914cdf97a5b536a889e939fb2fd2b043a170",
        "type": "github"
      },
      "original": {
        "owner": "nix-community",
        "repo": "impermanence",
        "type": "github"
      }
    },
    "jovian": {
      "inputs": {
        "nix-github-actions": "nix-github-actions",
        "nixpkgs": [
          "chaotic",
          "nixpkgs"
        ]
      },
      "locked": {
        "lastModified": 1756201372,
        "narHash": "sha256-bK5j5cwJgO5AZXlDl5AgISzpOv9YV1Fcv2nDr9RW/5o=",
        "owner": "Jovian-Experiments",
        "repo": "Jovian-NixOS",
        "rev": "9f6745bd704ab7f2617d41c2b02f4fd5f9ed0e89",
        "type": "github"
      },
      "original": {
        "owner": "Jovian-Experiments",
        "repo": "Jovian-NixOS",
        "type": "github"
      }
    },
    "nix-github-actions": {
      "inputs": {
        "nixpkgs": [
          "chaotic",
          "jovian",
          "nixpkgs"
        ]
      },
      "locked": {
        "lastModified": 1729697500,
        "narHash": "sha256-VFTWrbzDlZyFHHb1AlKRiD/qqCJIripXKiCSFS8fAOY=",
        "owner": "zhaofengli",
        "repo": "nix-github-actions",
        "rev": "e418aeb728b6aa5ca8c5c71974e7159c2df1d8cf",
        "type": "github"
      },
      "original": {
        "owner": "zhaofengli",
        "ref": "matrix-name",
        "repo": "nix-github-actions",
        "type": "github"
      }
    },
    "nixpkgs": {
      "locked": {
        "lastModified": 1756266583,
        "narHash": "sha256-cr748nSmpfvnhqSXPiCfUPxRz2FJnvf/RjJGvFfaCsM=",
        "owner": "NixOS",
        "repo": "nixpkgs",
        "rev": "8a6d5427d99ec71c64f0b93d45778c889005d9c2",
        "type": "github"
      },
      "original": {
        "owner": "NixOS",
        "ref": "nixos-unstable",
        "repo": "nixpkgs",
        "type": "github"
      }
    },
    "nixpkgs-unstable": {
      "locked": {
        "lastModified": 1756266583,
        "narHash": "sha256-cr748nSmpfvnhqSXPiCfUPxRz2FJnvf/RjJGvFfaCsM=",
        "owner": "nixos",
        "repo": "nixpkgs",
        "rev": "8a6d5427d99ec71c64f0b93d45778c889005d9c2",
        "type": "github"
      },
      "original": {
        "owner": "nixos",
        "ref": "nixos-unstable",
        "repo": "nixpkgs",
        "type": "github"
      }
    },
    "nixpkgs_2": {
      "locked": {
        "lastModified": 1756217674,
        "narHash": "sha256-TH1SfSP523QI7kcPiNtMAEuwZR3Jdz0MCDXPs7TS8uo=",
        "owner": "nixos",
        "repo": "nixpkgs",
        "rev": "4e7667a90c167f7a81d906e5a75cba4ad8bee620",
        "type": "github"
      },
      "original": {
        "owner": "nixos",
        "ref": "nixos-25.05",
        "repo": "nixpkgs",
        "type": "github"
      }
    },
    "root": {
      "inputs": {
        "chaotic": "chaotic",
        "cosmic-manager": "cosmic-manager",
        "home-manager": "home-manager_2",
        "impermanence": "impermanence",
        "nixpkgs": "nixpkgs_2",
        "nixpkgs-unstable": "nixpkgs-unstable",
        "sidewinderd": "sidewinderd"
      }
    },
    "rust-overlay": {
      "inputs": {
        "nixpkgs": [
          "chaotic",
          "nixpkgs"
        ]
      },
      "locked": {
        "lastModified": 1756262090,
        "narHash": "sha256-PQHSup4d0cVXxJ7mlHrrxBx1WVrmudKiNQgnNl5xRas=",
        "owner": "oxalica",
        "repo": "rust-overlay",
        "rev": "df7ea78aded79f195a92fc5423de96af2b8a85d1",
        "type": "github"
      },
      "original": {
        "owner": "oxalica",
        "repo": "rust-overlay",
        "type": "github"
      }
    },
    "sidewinderd": {
      "inputs": {
        "nixpkgs": [
          "nixpkgs"
        ]
      },
      "locked": {
        "lastModified": 1749393587,
        "narHash": "sha256-HnBnkG9t57zLTfXHYRrTGJ5BEXIVprDqxJvJQujeCHc=",
        "owner": "paulemeister",
        "repo": "sidewinderd-nix",
        "rev": "6dea7fcf456559a4a1bf73a1cf461378448a34cb",
        "type": "github"
      },
      "original": {
        "owner": "paulemeister",
        "repo": "sidewinderd-nix",
        "type": "github"
      }
    }
  },
  "root": "root",
  "version": 7
}
